
Microsoft Visual Studio Solution File, Format Version 12.00
# Visual Studio Version 16
VisualStudioVersion = 16.0.28606.126
MinimumVisualStudioVersion = 10.0.40219.1
Project("{FAE04EC0-301F-11D3-BF4B-00C04F79EFBC}") = "VierGewinnt.View.WPF", "VierGewinnt.View.WPF\VierGewinnt.View.WPF.csproj", "{B845E161-C767-46AF-A2EC-D3D7941E9059}"
EndProject
Project("{FAE04EC0-301F-11D3-BF4B-00C04F79EFBC}") = "VierGewinnt.Core", "VierGewinnt.Core\VierGewinnt.Core.csproj", "{7FB67075-BC9A-4C24-A3BA-D28D314FBCC1}"
EndProject
Global
	GlobalSection(SolutionConfigurationPlatforms) = preSolution
		Debug|Any CPU = Debug|Any CPU
		Release|Any CPU = Release|Any CPU
	EndGlobalSection
	GlobalSection(ProjectConfigurationPlatforms) = postSolution
		{B845E161-C767-46AF-A2EC-D3D7941E9059}.Debug|Any CPU.ActiveCfg = Debug|Any CPU
		{B845E161-C767-46AF-A2EC-D3D7941E9059}.Debug|Any CPU.Build.0 = Debug|Any CPU
		{B845E161-C767-46AF-A2EC-D3D7941E9059}.Release|Any CPU.ActiveCfg = Release|Any CPU
		{B845E161-C767-46AF-A2EC-D3D7941E9059}.Release|Any CPU.Build.0 = Release|Any CPU
		{7FB67075-BC9A-4C24-A3BA-D28D314FBCC1}.Debug|Any CPU.ActiveCfg = Debug|Any CPU
		{7FB67075-BC9A-4C24-A3BA-D28D314FBCC1}.Debug|Any CPU.Build.0 = Debug|Any CPU
		{7FB67075-BC9A-4C24-A3BA-D28D314FBCC1}.Release|Any CPU.ActiveCfg = Release|Any CPU
		{7FB67075-BC9A-4C24-A3BA-D28D314FBCC1}.Release|Any CPU.Build.0 = Release|Any CPU
	EndGlobalSection
	GlobalSection(SolutionProperties) = preSolution
		HideSolutionNode = FALSE
	EndGlobalSection
	GlobalSection(ExtensibilityGlobals) = postSolution
		SolutionGuid = {D2DE87D2-C46B-4E2C-A9EA-64FC089B2E9E}
	EndGlobalSection
EndGlobal
